
Microsoft Visual Studio Solution File, Format Version 11.00
# Visual Studio 2010
Project("{FAE04EC0-301F-11D3-BF4B-00C04F79EFBC}") = "APJ_RH", "APJ_RH\APJ_RH.csproj", "{AF29A9EE-E235-4266-8F71-A233104A604D}"
EndProject
Global
	GlobalSection(SolutionConfigurationPlatforms) = preSolution
		Debug|Any CPU = Debug|Any CPU
		Release|Any CPU = Release|Any CPU
	EndGlobalSection
	GlobalSection(ProjectConfigurationPlatforms) = postSolution
		{AF29A9EE-E235-4266-8F71-A233104A604D}.Debug|Any CPU.ActiveCfg = Debug|Any CPU
		{AF29A9EE-E235-4266-8F71-A233104A604D}.Debug|Any CPU.Build.0 = Debug|Any CPU
		{AF29A9EE-E235-4266-8F71-A233104A604D}.Release|Any CPU.ActiveCfg = Release|Any CPU
		{AF29A9EE-E235-4266-8F71-A233104A604D}.Release|Any CPU.Build.0 = Release|Any CPU
	EndGlobalSection
	GlobalSection(SolutionProperties) = preSolution
		HideSolutionNode = FALSE
	EndGlobalSection
EndGlobal
